
Microsoft Visual Studio Solution File, Format Version 12.00
# Visual Studio 15
VisualStudioVersion = 15.0.28307.1000
MinimumVisualStudioVersion = 10.0.40219.1
Project("{FAE04EC0-301F-11D3-BF4B-00C04F79EFBC}") = "ClassLibrary1", "ClassLibrary1.csproj", "{FA40D32D-8E5E-4C65-8458-F5E58856030C}"
EndProject
Global
	GlobalSection(SolutionConfigurationPlatforms) = preSolution
		Debug|Any CPU = Debug|Any CPU
		Release|Any CPU = Release|Any CPU
	EndGlobalSection
	GlobalSection(ProjectConfigurationPlatforms) = postSolution
		{FA40D32D-8E5E-4C65-8458-F5E58856030C}.Debug|Any CPU.ActiveCfg = Debug|Any CPU
		{FA40D32D-8E5E-4C65-8458-F5E58856030C}.Debug|Any CPU.Build.0 = Debug|Any CPU
		{FA40D32D-8E5E-4C65-8458-F5E58856030C}.Release|Any CPU.ActiveCfg = Release|Any CPU
		{FA40D32D-8E5E-4C65-8458-F5E58856030C}.Release|Any CPU.Build.0 = Release|Any CPU
	EndGlobalSection
	GlobalSection(SolutionProperties) = preSolution
		HideSolutionNode = FALSE
	EndGlobalSection
	GlobalSection(ExtensibilityGlobals) = postSolution
		SolutionGuid = {A3A0ACB9-A966-4B4F-9190-A2057C01A347}
	EndGlobalSection
EndGlobal
